
Microsoft Visual Studio Solution File, Format Version 12.00
# Visual Studio Version 16
VisualStudioVersion = 16.0.31829.152
MinimumVisualStudioVersion = 10.0.40219.1
Project("{FAE04EC0-301F-11D3-BF4B-00C04F79EFBC}") = "Ticket-Booking", "Ticket-Booking\Ticket-Booking.csproj", "{BFB0A73F-DF8F-4C99-B811-3475942360FE}"
EndProject
Global
	GlobalSection(SolutionConfigurationPlatforms) = preSolution
		Debug|Any CPU = Debug|Any CPU
		Release|Any CPU = Release|Any CPU
	EndGlobalSection
	GlobalSection(ProjectConfigurationPlatforms) = postSolution
		{BFB0A73F-DF8F-4C99-B811-3475942360FE}.Debug|Any CPU.ActiveCfg = Debug|Any CPU
		{BFB0A73F-DF8F-4C99-B811-3475942360FE}.Debug|Any CPU.Build.0 = Debug|Any CPU
		{BFB0A73F-DF8F-4C99-B811-3475942360FE}.Release|Any CPU.ActiveCfg = Release|Any CPU
		{BFB0A73F-DF8F-4C99-B811-3475942360FE}.Release|Any CPU.Build.0 = Release|Any CPU
	EndGlobalSection
	GlobalSection(SolutionProperties) = preSolution
		HideSolutionNode = FALSE
	EndGlobalSection
	GlobalSection(ExtensibilityGlobals) = postSolution
		SolutionGuid = {99F7F8A2-3732-484C-B943-8C5B14351F7C}
	EndGlobalSection
EndGlobal
